
Microsoft Visual Studio Solution File, Format Version 12.00
# Visual Studio 15
VisualStudioVersion = 15.0.28010.2016
MinimumVisualStudioVersion = 10.0.40219.1
Project("{FAE04EC0-301F-11D3-BF4B-00C04F79EFBC}") = "QuizCreator", "QuizCreator\QuizCreator.csproj", "{A09AE9AD-A32D-4BD5-BCEE-E7A67621643E}"
EndProject
Global
	GlobalSection(SolutionConfigurationPlatforms) = preSolution
		Debug|Any CPU = Debug|Any CPU
		Release|Any CPU = Release|Any CPU
	EndGlobalSection
	GlobalSection(ProjectConfigurationPlatforms) = postSolution
		{A09AE9AD-A32D-4BD5-BCEE-E7A67621643E}.Debug|Any CPU.ActiveCfg = Debug|Any CPU
		{A09AE9AD-A32D-4BD5-BCEE-E7A67621643E}.Debug|Any CPU.Build.0 = Debug|Any CPU
		{A09AE9AD-A32D-4BD5-BCEE-E7A67621643E}.Release|Any CPU.ActiveCfg = Release|Any CPU
		{A09AE9AD-A32D-4BD5-BCEE-E7A67621643E}.Release|Any CPU.Build.0 = Release|Any CPU
	EndGlobalSection
	GlobalSection(SolutionProperties) = preSolution
		HideSolutionNode = FALSE
	EndGlobalSection
	GlobalSection(ExtensibilityGlobals) = postSolution
		SolutionGuid = {D7EE530A-384C-40EE-AA83-E698E9F4EEEE}
	EndGlobalSection
EndGlobal
